Microsoft Visual Studio Solution File, Format Version 8.00
Project("{FAE04EC0-301F-11D3-BF4B-00C04F79EFBC}") = "Fibonacci", "Fibonacci\Fibonacci.csproj", "{7CCEBA1C-5B1C-49A3-9625-232AD835BA27}"
	ProjectSection(ProjectDependencies) = postProject
	EndProjectSection
EndProject
Global
	GlobalSection(SolutionConfiguration) = preSolution
		Debug = Debug
		Release = Release
	EndGlobalSection
	GlobalSection(ProjectConfiguration) = postSolution
		{7CCEBA1C-5B1C-49A3-9625-232AD835BA27}.Debug.ActiveCfg = Debug|.NET
		{7CCEBA1C-5B1C-49A3-9625-232AD835BA27}.Debug.Build.0 = Debug|.NET
		{7CCEBA1C-5B1C-49A3-9625-232AD835BA27}.Release.ActiveCfg = Release|.NET
		{7CCEBA1C-5B1C-49A3-9625-232AD835BA27}.Release.Build.0 = Release|.NET
	EndGlobalSection
	GlobalSection(ExtensibilityGlobals) = postSolution
	EndGlobalSection
	GlobalSection(ExtensibilityAddIns) = postSolution
	EndGlobalSection
EndGlobal
